
Microsoft Visual Studio Solution File, Format Version 12.00
# Visual Studio Version 17
VisualStudioVersion = 17.3.32929.385
MinimumVisualStudioVersion = 10.0.40219.1
Project("{FAE04EC0-301F-11D3-BF4B-00C04F79EFBC}") = "Task1", "Task1\Task1.csproj", "{E7951DAC-CA1F-4A50-9332-01A5C6BF6A78}"
EndProject
Global
	GlobalSection(SolutionConfigurationPlatforms) = preSolution
		Debug|Any CPU = Debug|Any CPU
		Release|Any CPU = Release|Any CPU
	EndGlobalSection
	GlobalSection(ProjectConfigurationPlatforms) = postSolution
		{E7951DAC-CA1F-4A50-9332-01A5C6BF6A78}.Debug|Any CPU.ActiveCfg = Debug|Any CPU
		{E7951DAC-CA1F-4A50-9332-01A5C6BF6A78}.Debug|Any CPU.Build.0 = Debug|Any CPU
		{E7951DAC-CA1F-4A50-9332-01A5C6BF6A78}.Release|Any CPU.ActiveCfg = Release|Any CPU
		{E7951DAC-CA1F-4A50-9332-01A5C6BF6A78}.Release|Any CPU.Build.0 = Release|Any CPU
	EndGlobalSection
	GlobalSection(SolutionProperties) = preSolution
		HideSolutionNode = FALSE
	EndGlobalSection
	GlobalSection(ExtensibilityGlobals) = postSolution
		SolutionGuid = {1A752CEA-028A-4877-BD1F-A89CA5517235}
	EndGlobalSection
EndGlobal
